
Microsoft Visual Studio Solution File, Format Version 12.00
# Visual Studio Version 17
VisualStudioVersion = 17.3.32825.248
MinimumVisualStudioVersion = 10.0.40219.1
Project("{FAE04EC0-301F-11D3-BF4B-00C04F79EFBC}") = "Goals", "Goals\Goals.csproj", "{5A824B57-CF3F-438B-B691-8E68576E656E}"
EndProject
Global
	GlobalSection(SolutionConfigurationPlatforms) = preSolution
		Debug|Any CPU = Debug|Any CPU
		Release|Any CPU = Release|Any CPU
	EndGlobalSection
	GlobalSection(ProjectConfigurationPlatforms) = postSolution
		{5A824B57-CF3F-438B-B691-8E68576E656E}.Debug|Any CPU.ActiveCfg = Debug|Any CPU
		{5A824B57-CF3F-438B-B691-8E68576E656E}.Debug|Any CPU.Build.0 = Debug|Any CPU
		{5A824B57-CF3F-438B-B691-8E68576E656E}.Release|Any CPU.ActiveCfg = Release|Any CPU
		{5A824B57-CF3F-438B-B691-8E68576E656E}.Release|Any CPU.Build.0 = Release|Any CPU
	EndGlobalSection
	GlobalSection(SolutionProperties) = preSolution
		HideSolutionNode = FALSE
	EndGlobalSection
	GlobalSection(ExtensibilityGlobals) = postSolution
		SolutionGuid = {1C6B9FB9-10AC-430F-98DB-F44879C39E86}
	EndGlobalSection
EndGlobal
