
Microsoft Visual Studio Solution File, Format Version 12.00
# Visual Studio Version 17
VisualStudioVersion = 17.3.32825.248
MinimumVisualStudioVersion = 10.0.40219.1
Project("{FAE04EC0-301F-11D3-BF4B-00C04F79EFBC}") = "Banking.UnitTests", "Banking.UnitTests\Banking.UnitTests.csproj", "{DFE7437C-299F-4367-BAE8-45BF53B1D264}"
EndProject
Project("{FAE04EC0-301F-11D3-BF4B-00C04F79EFBC}") = "Banking.Domain", "Banking.Domain\Banking.Domain.csproj", "{456F2384-8CFC-44E3-93C8-207568B002DD}"
EndProject
Global
	GlobalSection(SolutionConfigurationPlatforms) = preSolution
		Debug|Any CPU = Debug|Any CPU
		Release|Any CPU = Release|Any CPU
	EndGlobalSection
	GlobalSection(ProjectConfigurationPlatforms) = postSolution
		{DFE7437C-299F-4367-BAE8-45BF53B1D264}.Debug|Any CPU.ActiveCfg = Debug|Any CPU
		{DFE7437C-299F-4367-BAE8-45BF53B1D264}.Debug|Any CPU.Build.0 = Debug|Any CPU
		{DFE7437C-299F-4367-BAE8-45BF53B1D264}.Release|Any CPU.ActiveCfg = Release|Any CPU
		{DFE7437C-299F-4367-BAE8-45BF53B1D264}.Release|Any CPU.Build.0 = Release|Any CPU
		{456F2384-8CFC-44E3-93C8-207568B002DD}.Debug|Any CPU.ActiveCfg = Debug|Any CPU
		{456F2384-8CFC-44E3-93C8-207568B002DD}.Debug|Any CPU.Build.0 = Debug|Any CPU
		{456F2384-8CFC-44E3-93C8-207568B002DD}.Release|Any CPU.ActiveCfg = Release|Any CPU
		{456F2384-8CFC-44E3-93C8-207568B002DD}.Release|Any CPU.Build.0 = Release|Any CPU
	EndGlobalSection
	GlobalSection(SolutionProperties) = preSolution
		HideSolutionNode = FALSE
	EndGlobalSection
	GlobalSection(ExtensibilityGlobals) = postSolution
		SolutionGuid = {18D02885-869B-4534-8F69-B4CA86130BEE}
	EndGlobalSection
EndGlobal
