
Microsoft Visual Studio Solution File, Format Version 12.00
# Visual Studio Version 17
VisualStudioVersion = 17.3.32825.248
MinimumVisualStudioVersion = 10.0.40219.1
Project("{FAE04EC0-301F-11D3-BF4B-00C04F79EFBC}") = "ReservationProcessor", "ReservationProcessor\ReservationProcessor.csproj", "{7A8AF882-8F23-49E7-A2D0-8C927DC83DFD}"
EndProject
Global
	GlobalSection(SolutionConfigurationPlatforms) = preSolution
		Debug|Any CPU = Debug|Any CPU
		Release|Any CPU = Release|Any CPU
	EndGlobalSection
	GlobalSection(ProjectConfigurationPlatforms) = postSolution
		{7A8AF882-8F23-49E7-A2D0-8C927DC83DFD}.Debug|Any CPU.ActiveCfg = Debug|Any CPU
		{7A8AF882-8F23-49E7-A2D0-8C927DC83DFD}.Debug|Any CPU.Build.0 = Debug|Any CPU
		{7A8AF882-8F23-49E7-A2D0-8C927DC83DFD}.Release|Any CPU.ActiveCfg = Release|Any CPU
		{7A8AF882-8F23-49E7-A2D0-8C927DC83DFD}.Release|Any CPU.Build.0 = Release|Any CPU
	EndGlobalSection
	GlobalSection(SolutionProperties) = preSolution
		HideSolutionNode = FALSE
	EndGlobalSection
	GlobalSection(ExtensibilityGlobals) = postSolution
		SolutionGuid = {1869A967-9561-429C-9E5A-A76215092BC8}
	EndGlobalSection
EndGlobal
