
Microsoft Visual Studio Solution File, Format Version 12.00
# Visual Studio Version 17
VisualStudioVersion = 17.3.32825.248
MinimumVisualStudioVersion = 10.0.40219.1
Project("{FAE04EC0-301F-11D3-BF4B-00C04F79EFBC}") = "Banking.Api", "Banking.Api\Banking.Api.csproj", "{ACE9026B-C064-4B25-8B55-84818BA93899}"
EndProject
Global
	GlobalSection(SolutionConfigurationPlatforms) = preSolution
		Debug|Any CPU = Debug|Any CPU
		Release|Any CPU = Release|Any CPU
	EndGlobalSection
	GlobalSection(ProjectConfigurationPlatforms) = postSolution
		{ACE9026B-C064-4B25-8B55-84818BA93899}.Debug|Any CPU.ActiveCfg = Debug|Any CPU
		{ACE9026B-C064-4B25-8B55-84818BA93899}.Debug|Any CPU.Build.0 = Debug|Any CPU
		{ACE9026B-C064-4B25-8B55-84818BA93899}.Release|Any CPU.ActiveCfg = Release|Any CPU
		{ACE9026B-C064-4B25-8B55-84818BA93899}.Release|Any CPU.Build.0 = Release|Any CPU
	EndGlobalSection
	GlobalSection(SolutionProperties) = preSolution
		HideSolutionNode = FALSE
	EndGlobalSection
	GlobalSection(ExtensibilityGlobals) = postSolution
		SolutionGuid = {A62FF707-7064-4D08-BD1B-26DE05D71784}
	EndGlobalSection
EndGlobal
